
Microsoft Visual Studio Solution File, Format Version 12.00
# Visual Studio Version 16
VisualStudioVersion = 16.0.29519.87
MinimumVisualStudioVersion = 10.0.40219.1
Project("{FAE04EC0-301F-11D3-BF4B-00C04F79EFBC}") = "Bowling_Challenge", "Bowling_Challenge.csproj", "{F90C4BA7-DE55-4A17-9CB0-02A37C228513}"
EndProject
Global
	GlobalSection(SolutionConfigurationPlatforms) = preSolution
		Debug|Any CPU = Debug|Any CPU
		Release|Any CPU = Release|Any CPU
	EndGlobalSection
	GlobalSection(ProjectConfigurationPlatforms) = postSolution
		{F90C4BA7-DE55-4A17-9CB0-02A37C228513}.Debug|Any CPU.ActiveCfg = Debug|Any CPU
		{F90C4BA7-DE55-4A17-9CB0-02A37C228513}.Debug|Any CPU.Build.0 = Debug|Any CPU
		{F90C4BA7-DE55-4A17-9CB0-02A37C228513}.Release|Any CPU.ActiveCfg = Release|Any CPU
		{F90C4BA7-DE55-4A17-9CB0-02A37C228513}.Release|Any CPU.Build.0 = Release|Any CPU
	EndGlobalSection
	GlobalSection(SolutionProperties) = preSolution
		HideSolutionNode = FALSE
	EndGlobalSection
	GlobalSection(ExtensibilityGlobals) = postSolution
		SolutionGuid = {C4FE417C-EE50-49C1-A21B-2D5E4D19DD68}
	EndGlobalSection
EndGlobal
